
Microsoft Visual Studio Solution File, Format Version 12.00
# Visual Studio 15
VisualStudioVersion = 15.0.28010.2041
MinimumVisualStudioVersion = 10.0.40219.1
Project("{FAE04EC0-301F-11D3-BF4B-00C04F79EFBC}") = "AkkiTest", "AkkiTest\AkkiTest.csproj", "{406D1BFA-B18E-4891-9B3C-DD3569319982}"
EndProject
Global
	GlobalSection(SolutionConfigurationPlatforms) = preSolution
		Debug|Any CPU = Debug|Any CPU
		Release|Any CPU = Release|Any CPU
	EndGlobalSection
	GlobalSection(ProjectConfigurationPlatforms) = postSolution
		{406D1BFA-B18E-4891-9B3C-DD3569319982}.Debug|Any CPU.ActiveCfg = Debug|Any CPU
		{406D1BFA-B18E-4891-9B3C-DD3569319982}.Debug|Any CPU.Build.0 = Debug|Any CPU
		{406D1BFA-B18E-4891-9B3C-DD3569319982}.Release|Any CPU.ActiveCfg = Release|Any CPU
		{406D1BFA-B18E-4891-9B3C-DD3569319982}.Release|Any CPU.Build.0 = Release|Any CPU
	EndGlobalSection
	GlobalSection(SolutionProperties) = preSolution
		HideSolutionNode = FALSE
	EndGlobalSection
	GlobalSection(ExtensibilityGlobals) = postSolution
		SolutionGuid = {227A34C9-86C6-43F9-888A-243A4BC3F4EF}
	EndGlobalSection
EndGlobal
